
Microsoft Visual Studio Solution File, Format Version 12.00
# Visual Studio Version 17
VisualStudioVersion = 17.14.36623.8
MinimumVisualStudioVersion = 10.0.40219.1
Project("{FAE04EC0-301F-11D3-BF4B-00C04F79EFBC}") = "FlightTracker.Web", "GoogleFlightTrackerApp\FlightTracker.Web.csproj", "{F9BE148B-EFA6-48C6-B5B3-1968115979D2}"
EndProject
Project("{FAE04EC0-301F-11D3-BF4B-00C04F79EFBC}") = "FlightTracker.Api", "Backend\FlightTracker.Api.csproj", "{EA054BCF-3E82-4D30-89B7-EA54355D1B5C}"
EndProject
Project("{FAE04EC0-301F-11D3-BF4B-00C04F79EFBC}") = "FlightTracker.Contracts", "DTO\FlightTracker.Contracts.csproj", "{7B182E27-1985-4B06-8072-E1E88CE7AB23}"
EndProject
Global
	GlobalSection(SolutionConfigurationPlatforms) = preSolution
		Debug|Any CPU = Debug|Any CPU
		Release|Any CPU = Release|Any CPU
	EndGlobalSection
	GlobalSection(ProjectConfigurationPlatforms) = postSolution
		{F9BE148B-EFA6-48C6-B5B3-1968115979D2}.Debug|Any CPU.ActiveCfg = Debug|Any CPU
		{F9BE148B-EFA6-48C6-B5B3-1968115979D2}.Debug|Any CPU.Build.0 = Debug|Any CPU
		{F9BE148B-EFA6-48C6-B5B3-1968115979D2}.Release|Any CPU.ActiveCfg = Release|Any CPU
		{F9BE148B-EFA6-48C6-B5B3-1968115979D2}.Release|Any CPU.Build.0 = Release|Any CPU
		{EA054BCF-3E82-4D30-89B7-EA54355D1B5C}.Debug|Any CPU.ActiveCfg = Debug|Any CPU
		{EA054BCF-3E82-4D30-89B7-EA54355D1B5C}.Debug|Any CPU.Build.0 = Debug|Any CPU
		{EA054BCF-3E82-4D30-89B7-EA54355D1B5C}.Release|Any CPU.ActiveCfg = Release|Any CPU
		{EA054BCF-3E82-4D30-89B7-EA54355D1B5C}.Release|Any CPU.Build.0 = Release|Any CPU
		{7B182E27-1985-4B06-8072-E1E88CE7AB23}.Debug|Any CPU.ActiveCfg = Debug|Any CPU
		{7B182E27-1985-4B06-8072-E1E88CE7AB23}.Debug|Any CPU.Build.0 = Debug|Any CPU
		{7B182E27-1985-4B06-8072-E1E88CE7AB23}.Release|Any CPU.ActiveCfg = Release|Any CPU
		{7B182E27-1985-4B06-8072-E1E88CE7AB23}.Release|Any CPU.Build.0 = Release|Any CPU
	EndGlobalSection
	GlobalSection(SolutionProperties) = preSolution
		HideSolutionNode = FALSE
	EndGlobalSection
	GlobalSection(ExtensibilityGlobals) = postSolution
		SolutionGuid = {EF006276-4044-48E5-9992-5E221AF12346}
	EndGlobalSection
EndGlobal
